
Microsoft Visual Studio Solution File, Format Version 12.00
# Visual Studio Version 16
VisualStudioVersion = 16.0.31205.134
MinimumVisualStudioVersion = 10.0.40219.1
Project("{9A19103F-16F7-4668-BE54-9A1E7A4F7556}") = "StellarConfigUtility", "StellarConfigUtility.csproj", "{77F67728-A215-45B7-9CD6-B21FE90E5FAE}"
EndProject
Global
	GlobalSection(SolutionConfigurationPlatforms) = preSolution
		Debug|Any CPU = Debug|Any CPU
		Release|Any CPU = Release|Any CPU
	EndGlobalSection
	GlobalSection(ProjectConfigurationPlatforms) = postSolution
		{77F67728-A215-45B7-9CD6-B21FE90E5FAE}.Debug|Any CPU.ActiveCfg = Debug|Any CPU
		{77F67728-A215-45B7-9CD6-B21FE90E5FAE}.Debug|Any CPU.Build.0 = Debug|Any CPU
		{77F67728-A215-45B7-9CD6-B21FE90E5FAE}.Release|Any CPU.ActiveCfg = Release|Any CPU
		{77F67728-A215-45B7-9CD6-B21FE90E5FAE}.Release|Any CPU.Build.0 = Release|Any CPU
	EndGlobalSection
	GlobalSection(SolutionProperties) = preSolution
		HideSolutionNode = FALSE
	EndGlobalSection
	GlobalSection(ExtensibilityGlobals) = postSolution
		SolutionGuid = {6AA04474-9275-4104-9C4D-509772B577DE}
	EndGlobalSection
EndGlobal
